
Microsoft Visual Studio Solution File, Format Version 12.00
# Visual Studio Version 17
VisualStudioVersion = 17.11.35327.3
MinimumVisualStudioVersion = 10.0.40219.1
Project("{9A19103F-16F7-4668-BE54-9A1E7A4F7556}") = "Lab2", "Lab2\Lab2.csproj", "{024B8755-90D8-4EF6-998F-C431A5F926BB}"
EndProject
Project("{9A19103F-16F7-4668-BE54-9A1E7A4F7556}") = "Lab2.2", "Lab2.2\Lab2.2.csproj", "{129F5239-B631-43AF-9745-6FB3CA2C68BF}"
EndProject
Project("{FAE04EC0-301F-11D3-BF4B-00C04F79EFBC}") = "Lab2.3", "Lab2.3\Lab2.3.csproj", "{876D8CED-A5FA-4FE1-9916-288D430E8720}"
EndProject
Global
	GlobalSection(SolutionConfigurationPlatforms) = preSolution
		Debug|Any CPU = Debug|Any CPU
		Release|Any CPU = Release|Any CPU
	EndGlobalSection
	GlobalSection(ProjectConfigurationPlatforms) = postSolution
		{024B8755-90D8-4EF6-998F-C431A5F926BB}.Debug|Any CPU.ActiveCfg = Debug|Any CPU
		{024B8755-90D8-4EF6-998F-C431A5F926BB}.Debug|Any CPU.Build.0 = Debug|Any CPU
		{024B8755-90D8-4EF6-998F-C431A5F926BB}.Release|Any CPU.ActiveCfg = Release|Any CPU
		{024B8755-90D8-4EF6-998F-C431A5F926BB}.Release|Any CPU.Build.0 = Release|Any CPU
		{129F5239-B631-43AF-9745-6FB3CA2C68BF}.Debug|Any CPU.ActiveCfg = Debug|Any CPU
		{129F5239-B631-43AF-9745-6FB3CA2C68BF}.Debug|Any CPU.Build.0 = Debug|Any CPU
		{129F5239-B631-43AF-9745-6FB3CA2C68BF}.Release|Any CPU.ActiveCfg = Release|Any CPU
		{129F5239-B631-43AF-9745-6FB3CA2C68BF}.Release|Any CPU.Build.0 = Release|Any CPU
		{876D8CED-A5FA-4FE1-9916-288D430E8720}.Debug|Any CPU.ActiveCfg = Debug|Any CPU
		{876D8CED-A5FA-4FE1-9916-288D430E8720}.Debug|Any CPU.Build.0 = Debug|Any CPU
		{876D8CED-A5FA-4FE1-9916-288D430E8720}.Release|Any CPU.ActiveCfg = Release|Any CPU
		{876D8CED-A5FA-4FE1-9916-288D430E8720}.Release|Any CPU.Build.0 = Release|Any CPU
	EndGlobalSection
	GlobalSection(SolutionProperties) = preSolution
		HideSolutionNode = FALSE
	EndGlobalSection
	GlobalSection(ExtensibilityGlobals) = postSolution
		SolutionGuid = {65B8EFF7-D379-47C4-8B17-8238869328AD}
	EndGlobalSection
EndGlobal
